// !$*UTF8*$!
{
	archiveVersion = 1;
	classes = {
	};
	objectVersion = 46;
	objects = {

/* Begin PBXBuildFile section */
		1B7D1AEB1DA3B958002AC11C /* NavigationKit.framework in Frameworks */ = {isa = PBXBuildFile; fileRef = 1B7D1AEA1DA3B958002AC11C /* NavigationKit.framework */; };
		1B7D1AEC1DA3B958002AC11C /* NavigationKit.framework in Embed Frameworks */ = {isa = PBXBuildFile; fileRef = 1B7D1AEA1DA3B958002AC11C /* NavigationKit.framework */; settings = {ATTRIBUTES = (CodeSignOnCopy, RemoveHeadersOnCopy, ); }; };
		1B7D1AF91DA3BA07002AC11C /* AppDelegate.swift in Sources */ = {isa = PBXBuildFile; fileRef = 1B7D1AF21DA3BA07002AC11C /* AppDelegate.swift */; };
		1B7D1AFA1DA3BA07002AC11C /* DIContainer.swift in Sources */ = {isa = PBXBuildFile; fileRef = 1B7D1AF31DA3BA07002AC11C /* DIContainer.swift */; };
		1B7D1AFB1DA3BA07002AC11C /* MainRouter.swift in Sources */ = {isa = PBXBuildFile; fileRef = 1B7D1AF41DA3BA07002AC11C /* MainRouter.swift */; };
		1B7D1AFC1DA3BA07002AC11C /* LogTrackingSystem.swift in Sources */ = {isa = PBXBuildFile; fileRef = 1B7D1AF71DA3BA07002AC11C /* LogTrackingSystem.swift */; };
		1B7D1AFD1DA3BA07002AC11C /* TrackingSystem.swift in Sources */ = {isa = PBXBuildFile; fileRef = 1B7D1AF81DA3BA07002AC11C /* TrackingSystem.swift */; };
		1B87B9231DA661A000AB65F4 /* TestDomainModel.swift in Sources */ = {isa = PBXBuildFile; fileRef = 1B87B9221DA661A000AB65F4 /* TestDomainModel.swift */; };
		1BC714871DA3AF06001F1E39 /* Assets.xcassets in Resources */ = {isa = PBXBuildFile; fileRef = 1BC7147E1DA3AF06001F1E39 /* Assets.xcassets */; };
		1BC714881DA3AF06001F1E39 /* LaunchScreen.storyboard in Resources */ = {isa = PBXBuildFile; fileRef = 1BC7147F1DA3AF06001F1E39 /* LaunchScreen.storyboard */; };
		1BC714891DA3AF06001F1E39 /* Main.storyboard in Resources */ = {isa = PBXBuildFile; fileRef = 1BC714811DA3AF06001F1E39 /* Main.storyboard */; };
		3848F38FFC2F3C85F004F67F /* Test2TableViewCell.xib in Resources */ = {isa = PBXBuildFile; fileRef = 02651006CDF5B64ECE08DDC2 /* Test2TableViewCell.xib */; };
		3C881658539BA85A320B93C6 /* Test2View.swift in Sources */ = {isa = PBXBuildFile; fileRef = 3484DC7AD892D60EDCB449A1 /* Test2View.swift */; };
		507254FC125057C2E37A59E5 /* Test2Interactor.swift in Sources */ = {isa = PBXBuildFile; fileRef = 4E6906C61537DCAE18CFADB0 /* Test2Interactor.swift */; };
		58F221DFC6F8685685E9AB9E /* Test2TableViewCell.swift in Sources */ = {isa = PBXBuildFile; fileRef = EA29927EEC0BE96C5E79E2F0 /* Test2TableViewCell.swift */; };
		A455A84E655B76F2F7B9E62C /* Test2Router.swift in Sources */ = {isa = PBXBuildFile; fileRef = 5B946DF4F3DD4A96F50FA00B /* Test2Router.swift */; };
		B069380BDE942A7D83ADB5F2 /* Test2Assembly.swift in Sources */ = {isa = PBXBuildFile; fileRef = CC47643D320533B3B94E4CFD /* Test2Assembly.swift */; };
		BFB00927155AB6BC6D9FCE2F /* Test2DataSource.swift in Sources */ = {isa = PBXBuildFile; fileRef = D7A338B1527C142C761B2779 /* Test2DataSource.swift */; };
		C7038AF36880F355AAD68EDA /* Test2Interface.swift in Sources */ = {isa = PBXBuildFile; fileRef = 29E3E042F049091F29D89494 /* Test2Interface.swift */; };
		FF24A405698043BAEC481CB2 /* Test2Controller.swift in Sources */ = {isa = PBXBuildFile; fileRef = 3A683236B61DDF5541F6F3D3 /* Test2Controller.swift */; };
/* End PBXBuildFile section */

/* Begin PBXCopyFilesBuildPhase section */
		1B7D1AED1DA3B958002AC11C /* Embed Frameworks */ = {
			isa = PBXCopyFilesBuildPhase;
			buildActionMask = 2147483647;
			dstPath = "";
			dstSubfolderSpec = 10;
			files = (
				1B7D1AEC1DA3B958002AC11C /* NavigationKit.framework in Embed Frameworks */,
			);
			name = "Embed Frameworks";
			runOnlyForDeploymentPostprocessing = 0;
		};
/* End PBXCopyFilesBuildPhase section */

/* Begin PBXFileReference section */
		02651006CDF5B64ECE08DDC2 /* Test2TableViewCell.xib */ = {isa = PBXFileReference; includeInIndex = 1; lastKnownFileType = file.xib; path = Test2TableViewCell.xib; sourceTree = "<group>"; };
		1B7D1AEA1DA3B958002AC11C /* NavigationKit.framework */ = {isa = PBXFileReference; lastKnownFileType = wrapper.framework; name = NavigationKit.framework; path = Carthage/Build/iOS/NavigationKit.framework; sourceTree = "<group>"; };
		1B7D1AF21DA3BA07002AC11C /* AppDelegate.swift */ = {isa = PBXFileReference; fileEncoding = 4; lastKnownFileType = sourcecode.swift; path = AppDelegate.swift; sourceTree = "<group>"; };
		1B7D1AF31DA3BA07002AC11C /* DIContainer.swift */ = {isa = PBXFileReference; fileEncoding = 4; lastKnownFileType = sourcecode.swift; path = DIContainer.swift; sourceTree = "<group>"; };
		1B7D1AF41DA3BA07002AC11C /* MainRouter.swift */ = {isa = PBXFileReference; fileEncoding = 4; lastKnownFileType = sourcecode.swift; path = MainRouter.swift; sourceTree = "<group>"; };
		1B7D1AF71DA3BA07002AC11C /* LogTrackingSystem.swift */ = {isa = PBXFileReference; fileEncoding = 4; lastKnownFileType = sourcecode.swift; path = LogTrackingSystem.swift; sourceTree = "<group>"; };
		1B7D1AF81DA3BA07002AC11C /* TrackingSystem.swift */ = {isa = PBXFileReference; fileEncoding = 4; lastKnownFileType = sourcecode.swift; path = TrackingSystem.swift; sourceTree = "<group>"; };
		1B87B9221DA661A000AB65F4 /* TestDomainModel.swift */ = {isa = PBXFileReference; fileEncoding = 4; lastKnownFileType = sourcecode.swift; path = TestDomainModel.swift; sourceTree = "<group>"; };
		1BC714621DA3AD13001F1E39 /* TemplatesExample.app */ = {isa = PBXFileReference; explicitFileType = wrapper.application; includeInIndex = 0; path = TemplatesExample.app; sourceTree = BUILT_PRODUCTS_DIR; };
		1BC714771DA3AF06001F1E39 /* Info.plist */ = {isa = PBXFileReference; fileEncoding = 4; lastKnownFileType = text.plist.xml; path = Info.plist; sourceTree = "<group>"; };
		1BC7147E1DA3AF06001F1E39 /* Assets.xcassets */ = {isa = PBXFileReference; lastKnownFileType = folder.assetcatalog; path = Assets.xcassets; sourceTree = "<group>"; };
		1BC714801DA3AF06001F1E39 /* Base */ = {isa = PBXFileReference; lastKnownFileType = file.storyboard; name = Base; path = Base.lproj/LaunchScreen.storyboard; sourceTree = "<group>"; };
		1BC714821DA3AF06001F1E39 /* Base */ = {isa = PBXFileReference; lastKnownFileType = file.storyboard; name = Base; path = Base.lproj/Main.storyboard; sourceTree = "<group>"; };
		29E3E042F049091F29D89494 /* Test2Interface.swift */ = {isa = PBXFileReference; includeInIndex = 1; lastKnownFileType = sourcecode.swift; path = Test2Interface.swift; sourceTree = "<group>"; };
		3484DC7AD892D60EDCB449A1 /* Test2View.swift */ = {isa = PBXFileReference; includeInIndex = 1; lastKnownFileType = sourcecode.swift; path = Test2View.swift; sourceTree = "<group>"; };
		3A683236B61DDF5541F6F3D3 /* Test2Controller.swift */ = {isa = PBXFileReference; includeInIndex = 1; lastKnownFileType = sourcecode.swift; path = Test2Controller.swift; sourceTree = "<group>"; };
		4E6906C61537DCAE18CFADB0 /* Test2Interactor.swift */ = {isa = PBXFileReference; includeInIndex = 1; lastKnownFileType = sourcecode.swift; path = Test2Interactor.swift; sourceTree = "<group>"; };
		5B946DF4F3DD4A96F50FA00B /* Test2Router.swift */ = {isa = PBXFileReference; includeInIndex = 1; lastKnownFileType = sourcecode.swift; path = Test2Router.swift; sourceTree = "<group>"; };
		CC47643D320533B3B94E4CFD /* Test2Assembly.swift */ = {isa = PBXFileReference; includeInIndex = 1; lastKnownFileType = sourcecode.swift; path = Test2Assembly.swift; sourceTree = "<group>"; };
		D7A338B1527C142C761B2779 /* Test2DataSource.swift */ = {isa = PBXFileReference; includeInIndex = 1; lastKnownFileType = sourcecode.swift; path = Test2DataSource.swift; sourceTree = "<group>"; };
		EA29927EEC0BE96C5E79E2F0 /* Test2TableViewCell.swift */ = {isa = PBXFileReference; includeInIndex = 1; lastKnownFileType = sourcecode.swift; path = Test2TableViewCell.swift; sourceTree = "<group>"; };
/* End PBXFileReference section */

/* Begin PBXFrameworksBuildPhase section */
		1BC7145F1DA3AD13001F1E39 /* Frameworks */ = {
			isa = PBXFrameworksBuildPhase;
			buildActionMask = 2147483647;
			files = (
				1B7D1AEB1DA3B958002AC11C /* NavigationKit.framework in Frameworks */,
			);
			runOnlyForDeploymentPostprocessing = 0;
		};
/* End PBXFrameworksBuildPhase section */

/* Begin PBXGroup section */
		1B7D1AEE1DA3B962002AC11C /* Frameworks */ = {
			isa = PBXGroup;
			children = (
				1B7D1AEA1DA3B958002AC11C /* NavigationKit.framework */,
			);
			name = Frameworks;
			sourceTree = "<group>";
		};
		1B7D1AF01DA3BA07002AC11C /* Layers */ = {
			isa = PBXGroup;
			children = (
				1B7D1AF11DA3BA07002AC11C /* Application */,
				1B7D1AF51DA3BA07002AC11C /* Services */,
				86BFA5EF1971FA34FE3658EC /* Presentation */,
			);
			path = Layers;
			sourceTree = "<group>";
		};
		1B7D1AF11DA3BA07002AC11C /* Application */ = {
			isa = PBXGroup;
			children = (
				1B7D1AF21DA3BA07002AC11C /* AppDelegate.swift */,
				1B7D1AF31DA3BA07002AC11C /* DIContainer.swift */,
				1B7D1AF41DA3BA07002AC11C /* MainRouter.swift */,
				1B87B9221DA661A000AB65F4 /* TestDomainModel.swift */,
			);
			path = Application;
			sourceTree = "<group>";
		};
		1B7D1AF51DA3BA07002AC11C /* Services */ = {
			isa = PBXGroup;
			children = (
				1B7D1AF61DA3BA07002AC11C /* LogTrackingSystem */,
				1B7D1AF81DA3BA07002AC11C /* TrackingSystem.swift */,
			);
			path = Services;
			sourceTree = "<group>";
		};
		1B7D1AF61DA3BA07002AC11C /* LogTrackingSystem */ = {
			isa = PBXGroup;
			children = (
				1B7D1AF71DA3BA07002AC11C /* LogTrackingSystem.swift */,
			);
			path = LogTrackingSystem;
			sourceTree = "<group>";
		};
		1BC714591DA3AD13001F1E39 = {
			isa = PBXGroup;
			children = (
				1B7D1AF01DA3BA07002AC11C /* Layers */,
				1B7D1AEE1DA3B962002AC11C /* Frameworks */,
				1BC7147D1DA3AF06001F1E39 /* Resources */,
				1BC714771DA3AF06001F1E39 /* Info.plist */,
				1BC714631DA3AD13001F1E39 /* Products */,
			);
			sourceTree = "<group>";
		};
		1BC714631DA3AD13001F1E39 /* Products */ = {
			isa = PBXGroup;
			children = (
				1BC714621DA3AD13001F1E39 /* TemplatesExample.app */,
			);
			name = Products;
			sourceTree = "<group>";
		};
		1BC7147D1DA3AF06001F1E39 /* Resources */ = {
			isa = PBXGroup;
			children = (
				1BC7147E1DA3AF06001F1E39 /* Assets.xcassets */,
				1BC7147F1DA3AF06001F1E39 /* LaunchScreen.storyboard */,
				1BC714811DA3AF06001F1E39 /* Main.storyboard */,
			);
			path = Resources;
			sourceTree = "<group>";
		};
		508FB90AF96111A389DA8FB1 /* Module */ = {
			isa = PBXGroup;
			children = (
				4E6906C61537DCAE18CFADB0 /* Test2Interactor.swift */,
				3A683236B61DDF5541F6F3D3 /* Test2Controller.swift */,
				5B946DF4F3DD4A96F50FA00B /* Test2Router.swift */,
			);
			path = Module;
			sourceTree = "<group>";
		};
		52D2C6FDBC41C54169DE6A23 /* UserStroies */ = {
			isa = PBXGroup;
			children = (
				54C83DAD2527249654AB0023 /* Main */,
			);
			path = UserStroies;
			sourceTree = "<group>";
		};
		54C83DAD2527249654AB0023 /* Main */ = {
			isa = PBXGroup;
			children = (
				9B5407053495C97AC8AA37E2 /* Test2 */,
			);
			path = Main;
			sourceTree = "<group>";
		};
		55230F77F8692D5AC2BFF52F /* View */ = {
			isa = PBXGroup;
			children = (
				3484DC7AD892D60EDCB449A1 /* Test2View.swift */,
				D7A338B1527C142C761B2779 /* Test2DataSource.swift */,
				EA29927EEC0BE96C5E79E2F0 /* Test2TableViewCell.swift */,
				02651006CDF5B64ECE08DDC2 /* Test2TableViewCell.xib */,
			);
			path = View;
			sourceTree = "<group>";
		};
		86BFA5EF1971FA34FE3658EC /* Presentation */ = {
			isa = PBXGroup;
			children = (
				52D2C6FDBC41C54169DE6A23 /* UserStroies */,
			);
			path = Presentation;
			sourceTree = "<group>";
		};
		9B5407053495C97AC8AA37E2 /* Test2 */ = {
			isa = PBXGroup;
			children = (
				29E3E042F049091F29D89494 /* Test2Interface.swift */,
				CC47643D320533B3B94E4CFD /* Test2Assembly.swift */,
				508FB90AF96111A389DA8FB1 /* Module */,
				55230F77F8692D5AC2BFF52F /* View */,
			);
			path = Test2;
			sourceTree = "<group>";
		};
/* End PBXGroup section */

/* Begin PBXNativeTarget section */
		1BC714611DA3AD13001F1E39 /* TemplatesExample */ = {
			isa = PBXNativeTarget;
			buildConfigurationList = 1BC714741DA3AD13001F1E39 /* Build configuration list for PBXNativeTarget "TemplatesExample" */;
			buildPhases = (
				1BC7145E1DA3AD13001F1E39 /* Sources */,
				1BC7145F1DA3AD13001F1E39 /* Frameworks */,
				1BC714601DA3AD13001F1E39 /* Resources */,
				1B7D1AED1DA3B958002AC11C /* Embed Frameworks */,
				1B7D1AEF1DA3B98C002AC11C /* Carthage copy frameworks */,
			);
			buildRules = (
			);
			dependencies = (
			);
			name = TemplatesExample;
			productName = TemplatesExample;
			productReference = 1BC714621DA3AD13001F1E39 /* TemplatesExample.app */;
			productType = "com.apple.product-type.application";
		};
/* End PBXNativeTarget section */

/* Begin PBXProject section */
		1BC7145A1DA3AD13001F1E39 /* Project object */ = {
			isa = PBXProject;
			attributes = {
				LastSwiftUpdateCheck = 0800;
				LastUpgradeCheck = 0800;
				ORGANIZATIONNAME = "Maksim Bazarov (bazarov@mks.im)";
				TargetAttributes = {
					1BC714611DA3AD13001F1E39 = {
						CreatedOnToolsVersion = 8.0;
						ProvisioningStyle = Automatic;
					};
				};
			};
			buildConfigurationList = 1BC7145D1DA3AD13001F1E39 /* Build configuration list for PBXProject "TemplatesExample" */;
			compatibilityVersion = "Xcode 3.2";
			developmentRegion = English;
			hasScannedForEncodings = 0;
			knownRegions = (
				en,
				Base,
			);
			mainGroup = 1BC714591DA3AD13001F1E39;
			productRefGroup = 1BC714631DA3AD13001F1E39 /* Products */;
			projectDirPath = "";
			projectRoot = "";
			targets = (
				1BC714611DA3AD13001F1E39 /* TemplatesExample */,
			);
		};
/* End PBXProject section */

/* Begin PBXResourcesBuildPhase section */
		1BC714601DA3AD13001F1E39 /* Resources */ = {
			isa = PBXResourcesBuildPhase;
			buildActionMask = 2147483647;
			files = (
				1BC714881DA3AF06001F1E39 /* LaunchScreen.storyboard in Resources */,
				1BC714871DA3AF06001F1E39 /* Assets.xcassets in Resources */,
				1BC714891DA3AF06001F1E39 /* Main.storyboard in Resources */,
				3848F38FFC2F3C85F004F67F /* Test2TableViewCell.xib in Resources */,
			);
			runOnlyForDeploymentPostprocessing = 0;
		};
/* End PBXResourcesBuildPhase section */

/* Begin PBXShellScriptBuildPhase section */
		1B7D1AEF1DA3B98C002AC11C /* Carthage copy frameworks */ = {
			isa = PBXShellScriptBuildPhase;
			buildActionMask = 2147483647;
			files = (
			);
			inputPaths = (
				"$(SRCROOT)/Carthage/Build/iOS/NavigationKit.framework",
			);
			name = "Carthage copy frameworks";
			outputPaths = (
			);
			runOnlyForDeploymentPostprocessing = 0;
			shellPath = /bin/sh;
			shellScript = "/usr/local/bin/carthage copy-frameworks\n";
		};
/* End PBXShellScriptBuildPhase section */

/* Begin PBXSourcesBuildPhase section */
		1BC7145E1DA3AD13001F1E39 /* Sources */ = {
			isa = PBXSourcesBuildPhase;
			buildActionMask = 2147483647;
			files = (
				1B7D1AFC1DA3BA07002AC11C /* LogTrackingSystem.swift in Sources */,
				1B7D1AFA1DA3BA07002AC11C /* DIContainer.swift in Sources */,
				1B7D1AF91DA3BA07002AC11C /* AppDelegate.swift in Sources */,
				1B7D1AFD1DA3BA07002AC11C /* TrackingSystem.swift in Sources */,
				1B7D1AFB1DA3BA07002AC11C /* MainRouter.swift in Sources */,
				1B87B9231DA661A000AB65F4 /* TestDomainModel.swift in Sources */,
				C7038AF36880F355AAD68EDA /* Test2Interface.swift in Sources */,
				B069380BDE942A7D83ADB5F2 /* Test2Assembly.swift in Sources */,
				507254FC125057C2E37A59E5 /* Test2Interactor.swift in Sources */,
				FF24A405698043BAEC481CB2 /* Test2Controller.swift in Sources */,
				A455A84E655B76F2F7B9E62C /* Test2Router.swift in Sources */,
				3C881658539BA85A320B93C6 /* Test2View.swift in Sources */,
				BFB00927155AB6BC6D9FCE2F /* Test2DataSource.swift in Sources */,
				58F221DFC6F8685685E9AB9E /* Test2TableViewCell.swift in Sources */,
			);
			runOnlyForDeploymentPostprocessing = 0;
		};
/* End PBXSourcesBuildPhase section */

/* Begin PBXVariantGroup section */
		1BC7147F1DA3AF06001F1E39 /* LaunchScreen.storyboard */ = {
			isa = PBXVariantGroup;
			children = (
				1BC714801DA3AF06001F1E39 /* Base */,
			);
			name = LaunchScreen.storyboard;
			sourceTree = "<group>";
		};
		1BC714811DA3AF06001F1E39 /* Main.storyboard */ = {
			isa = PBXVariantGroup;
			children = (
				1BC714821DA3AF06001F1E39 /* Base */,
			);
			name = Main.storyboard;
			sourceTree = "<group>";
		};
/* End PBXVariantGroup section */

/* Begin XCBuildConfiguration section */
		1BC714721DA3AD13001F1E39 /* Debug */ = {
			isa = XCBuildConfiguration;
			buildSettings = {
				ALWAYS_SEARCH_USER_PATHS = NO;
				CLANG_ANALYZER_NONNULL = YES;
				CLANG_CXX_LANGUAGE_STANDARD = "gnu++0x";
				CLANG_CXX_LIBRARY = "libc++";
				CLANG_ENABLE_MODULES = YES;
				CLANG_ENABLE_OBJC_ARC = YES;
				CLANG_WARN_BOOL_CONVERSION = YES;
				CLANG_WARN_CONSTANT_CONVERSION = YES;
				CLANG_WARN_DIRECT_OBJC_ISA_USAGE = YES_ERROR;
				CLANG_WARN_DOCUMENTATION_COMMENTS = YES;
				CLANG_WARN_EMPTY_BODY = YES;
				CLANG_WARN_ENUM_CONVERSION = YES;
				CLANG_WARN_INFINITE_RECURSION = YES;
				CLANG_WARN_INT_CONVERSION = YES;
				CLANG_WARN_OBJC_ROOT_CLASS = YES_ERROR;
				CLANG_WARN_SUSPICIOUS_MOVES = YES;
				CLANG_WARN_UNREACHABLE_CODE = YES;
				CLANG_WARN__DUPLICATE_METHOD_MATCH = YES;
				"CODE_SIGN_IDENTITY[sdk=iphoneos*]" = "iPhone Developer";
				COPY_PHASE_STRIP = NO;
				DEBUG_INFORMATION_FORMAT = dwarf;
				ENABLE_STRICT_OBJC_MSGSEND = YES;
				ENABLE_TESTABILITY = YES;
				GCC_C_LANGUAGE_STANDARD = gnu99;
				GCC_DYNAMIC_NO_PIC = NO;
				GCC_NO_COMMON_BLOCKS = YES;
				GCC_OPTIMIZATION_LEVEL = 0;
				GCC_PREPROCESSOR_DEFINITIONS = (
					"DEBUG=1",
					"$(inherited)",
				);
				GCC_WARN_64_TO_32_BIT_CONVERSION = YES;
				GCC_WARN_ABOUT_RETURN_TYPE = YES_ERROR;
				GCC_WARN_UNDECLARED_SELECTOR = YES;
				GCC_WARN_UNINITIALIZED_AUTOS = YES_AGGRESSIVE;
				GCC_WARN_UNUSED_FUNCTION = YES;
				GCC_WARN_UNUSED_VARIABLE = YES;
				IPHONEOS_DEPLOYMENT_TARGET = 10.0;
				MTL_ENABLE_DEBUG_INFO = YES;
				ONLY_ACTIVE_ARCH = YES;
				SDKROOT = iphoneos;
				SWIFT_ACTIVE_COMPILATION_CONDITIONS = DEBUG;
				SWIFT_OPTIMIZATION_LEVEL = "-Onone";
				TARGETED_DEVICE_FAMILY = "1,2";
			};
			name = Debug;
		};
		1BC714731DA3AD13001F1E39 /* Release */ = {
			isa = XCBuildConfiguration;
			buildSettings = {
				ALWAYS_SEARCH_USER_PATHS = NO;
				CLANG_ANALYZER_NONNULL = YES;
				CLANG_CXX_LANGUAGE_STANDARD = "gnu++0x";
				CLANG_CXX_LIBRARY = "libc++";
				CLANG_ENABLE_MODULES = YES;
				CLANG_ENABLE_OBJC_ARC = YES;
				CLANG_WARN_BOOL_CONVERSION = YES;
				CLANG_WARN_CONSTANT_CONVERSION = YES;
				CLANG_WARN_DIRECT_OBJC_ISA_USAGE = YES_ERROR;
				CLANG_WARN_DOCUMENTATION_COMMENTS = YES;
				CLANG_WARN_EMPTY_BODY = YES;
				CLANG_WARN_ENUM_CONVERSION = YES;
				CLANG_WARN_INFINITE_RECURSION = YES;
				CLANG_WARN_INT_CONVERSION = YES;
				CLANG_WARN_OBJC_ROOT_CLASS = YES_ERROR;
				CLANG_WARN_SUSPICIOUS_MOVES = YES;
				CLANG_WARN_UNREACHABLE_CODE = YES;
				CLANG_WARN__DUPLICATE_METHOD_MATCH = YES;
				"CODE_SIGN_IDENTITY[sdk=iphoneos*]" = "iPhone Developer";
				COPY_PHASE_STRIP = NO;
				DEBUG_INFORMATION_FORMAT = "dwarf-with-dsym";
				ENABLE_NS_ASSERTIONS = NO;
				ENABLE_STRICT_OBJC_MSGSEND = YES;
				GCC_C_LANGUAGE_STANDARD = gnu99;
				GCC_NO_COMMON_BLOCKS = YES;
				GCC_WARN_64_TO_32_BIT_CONVERSION = YES;
				GCC_WARN_ABOUT_RETURN_TYPE = YES_ERROR;
				GCC_WARN_UNDECLARED_SELECTOR = YES;
				GCC_WARN_UNINITIALIZED_AUTOS = YES_AGGRESSIVE;
				GCC_WARN_UNUSED_FUNCTION = YES;
				GCC_WARN_UNUSED_VARIABLE = YES;
				IPHONEOS_DEPLOYMENT_TARGET = 10.0;
				MTL_ENABLE_DEBUG_INFO = NO;
				SDKROOT = iphoneos;
				SWIFT_OPTIMIZATION_LEVEL = "-Owholemodule";
				TARGETED_DEVICE_FAMILY = "1,2";
				VALIDATE_PRODUCT = YES;
			};
			name = Release;
		};
		1BC714751DA3AD13001F1E39 /* Debug */ = {
			isa = XCBuildConfiguration;
			buildSettings = {
				ASSETCATALOG_COMPILER_APPICON_NAME = AppIcon;
				FRAMEWORK_SEARCH_PATHS = (
					"$(inherited)",
					"$(PROJECT_DIR)/Carthage/Build/iOS",
				);
				INFOPLIST_FILE = "$(SRCROOT)/Info.plist";
				LD_RUNPATH_SEARCH_PATHS = "$(inherited) @executable_path/Frameworks";
				PRODUCT_BUNDLE_IDENTIFIER = im.mks.bazarov.TemplatesExample;
				PRODUCT_NAME = "$(TARGET_NAME)";
				SWIFT_VERSION = 3.0;
			};
			name = Debug;
		};
		1BC714761DA3AD13001F1E39 /* Release */ = {
			isa = XCBuildConfiguration;
			buildSettings = {
				ASSETCATALOG_COMPILER_APPICON_NAME = AppIcon;
				FRAMEWORK_SEARCH_PATHS = (
					"$(inherited)",
					"$(PROJECT_DIR)/Carthage/Build/iOS",
				);
				INFOPLIST_FILE = "$(SRCROOT)/Info.plist";
				LD_RUNPATH_SEARCH_PATHS = "$(inherited) @executable_path/Frameworks";
				PRODUCT_BUNDLE_IDENTIFIER = im.mks.bazarov.TemplatesExample;
				PRODUCT_NAME = "$(TARGET_NAME)";
				SWIFT_VERSION = 3.0;
			};
			name = Release;
		};
/* End XCBuildConfiguration section */

/* Begin XCConfigurationList section */
		1BC7145D1DA3AD13001F1E39 /* Build configuration list for PBXProject "TemplatesExample" */ = {
			isa = XCConfigurationList;
			buildConfigurations = (
				1BC714721DA3AD13001F1E39 /* Debug */,
				1BC714731DA3AD13001F1E39 /* Release */,
			);
			defaultConfigurationIsVisible = 0;
			defaultConfigurationName = Release;
		};
		1BC714741DA3AD13001F1E39 /* Build configuration list for PBXNativeTarget "TemplatesExample" */ = {
			isa = XCConfigurationList;
			buildConfigurations = (
				1BC714751DA3AD13001F1E39 /* Debug */,
				1BC714761DA3AD13001F1E39 /* Release */,
			);
			defaultConfigurationIsVisible = 0;
			defaultConfigurationName = Release;
		};
/* End XCConfigurationList section */
	};
	rootObject = 1BC7145A1DA3AD13001F1E39 /* Project object */;
}
